
Microsoft Visual Studio Solution File, Format Version 12.00
# Visual Studio Version 17
VisualStudioVersion = 17.0.31912.275
MinimumVisualStudioVersion = 10.0.40219.1
Project("{FAE04EC0-301F-11D3-BF4B-00C04F79EFBC}") = "1.Blacksmith", "1.Blacksmith\1.Blacksmith.csproj", "{695403C9-BBED-425C-94D9-CA96D89DBDFF}"
EndProject
Project("{FAE04EC0-301F-11D3-BF4B-00C04F79EFBC}") = "2.Armory", "2.Armory\2.Armory.csproj", "{0B53B0FD-4D1F-47F7-80BD-FBCCA3B11EE7}"
EndProject
Global
	GlobalSection(SolutionConfigurationPlatforms) = preSolution
		Debug|Any CPU = Debug|Any CPU
		Release|Any CPU = Release|Any CPU
	EndGlobalSection
	GlobalSection(ProjectConfigurationPlatforms) = postSolution
		{695403C9-BBED-425C-94D9-CA96D89DBDFF}.Debug|Any CPU.ActiveCfg = Debug|Any CPU
		{695403C9-BBED-425C-94D9-CA96D89DBDFF}.Debug|Any CPU.Build.0 = Debug|Any CPU
		{695403C9-BBED-425C-94D9-CA96D89DBDFF}.Release|Any CPU.ActiveCfg = Release|Any CPU
		{695403C9-BBED-425C-94D9-CA96D89DBDFF}.Release|Any CPU.Build.0 = Release|Any CPU
		{0B53B0FD-4D1F-47F7-80BD-FBCCA3B11EE7}.Debug|Any CPU.ActiveCfg = Debug|Any CPU
		{0B53B0FD-4D1F-47F7-80BD-FBCCA3B11EE7}.Debug|Any CPU.Build.0 = Debug|Any CPU
		{0B53B0FD-4D1F-47F7-80BD-FBCCA3B11EE7}.Release|Any CPU.ActiveCfg = Release|Any CPU
		{0B53B0FD-4D1F-47F7-80BD-FBCCA3B11EE7}.Release|Any CPU.Build.0 = Release|Any CPU
	EndGlobalSection
	GlobalSection(SolutionProperties) = preSolution
		HideSolutionNode = FALSE
	EndGlobalSection
	GlobalSection(ExtensibilityGlobals) = postSolution
		SolutionGuid = {471FBB81-FC02-43E9-8850-D5693F1BCE26}
	EndGlobalSection
EndGlobal
